
Microsoft Visual Studio Solution File, Format Version 12.00
# Visual Studio 2015
Project("{FAE04EC0-301F-11D3-BF4B-00C04F79EFBC}") = "Android_Cardboard.CSharp", "Android_Cardboard.CSharp.csproj", "{0FFBDF1B-82A2-DC31-F45F-85084CE13EFF}"
EndProject
Project("{FAE04EC0-301F-11D3-BF4B-00C04F79EFBC}") = "Android_Cardboard.CSharp.Editor", "Android_Cardboard.CSharp.Editor.csproj", "{0E09830F-12FE-53CD-5A78-026FE40B35CE}"
EndProject
Global
	GlobalSection(SolutionConfigurationPlatforms) = preSolution
		Debug|Any CPU = Debug|Any CPU
		Release|Any CPU = Release|Any CPU
	EndGlobalSection
	GlobalSection(ProjectConfigurationPlatforms) = postSolution
		{0FFBDF1B-82A2-DC31-F45F-85084CE13EFF}.Debug|Any CPU.ActiveCfg = Debug|Any CPU
		{0FFBDF1B-82A2-DC31-F45F-85084CE13EFF}.Debug|Any CPU.Build.0 = Debug|Any CPU
		{0FFBDF1B-82A2-DC31-F45F-85084CE13EFF}.Release|Any CPU.ActiveCfg = Release|Any CPU
		{0FFBDF1B-82A2-DC31-F45F-85084CE13EFF}.Release|Any CPU.Build.0 = Release|Any CPU
		{0E09830F-12FE-53CD-5A78-026FE40B35CE}.Debug|Any CPU.ActiveCfg = Debug|Any CPU
		{0E09830F-12FE-53CD-5A78-026FE40B35CE}.Debug|Any CPU.Build.0 = Debug|Any CPU
		{0E09830F-12FE-53CD-5A78-026FE40B35CE}.Release|Any CPU.ActiveCfg = Release|Any CPU
		{0E09830F-12FE-53CD-5A78-026FE40B35CE}.Release|Any CPU.Build.0 = Release|Any CPU
	EndGlobalSection
	GlobalSection(SolutionProperties) = preSolution
		HideSolutionNode = FALSE
	EndGlobalSection
EndGlobal
